
Microsoft Visual Studio Solution File, Format Version 12.00
# Visual Studio Version 17
VisualStudioVersion = 17.4.33205.214
MinimumVisualStudioVersion = 10.0.40219.1
Project("{888888A0-9F3D-457C-B088-3A5042F75D52}") = "Numbridegamängu(2)", "Numbridegamängu(2)\Numbridegamängu(2).pyproj", "{FE59B4FE-FA0C-4F81-8ACF-8C40FF3D38D1}"
EndProject
Global
	GlobalSection(SolutionConfigurationPlatforms) = preSolution
		Debug|Any CPU = Debug|Any CPU
		Release|Any CPU = Release|Any CPU
	EndGlobalSection
	GlobalSection(ProjectConfigurationPlatforms) = postSolution
		{FE59B4FE-FA0C-4F81-8ACF-8C40FF3D38D1}.Debug|Any CPU.ActiveCfg = Debug|Any CPU
		{FE59B4FE-FA0C-4F81-8ACF-8C40FF3D38D1}.Release|Any CPU.ActiveCfg = Release|Any CPU
	EndGlobalSection
	GlobalSection(SolutionProperties) = preSolution
		HideSolutionNode = FALSE
	EndGlobalSection
	GlobalSection(ExtensibilityGlobals) = postSolution
		SolutionGuid = {C03AE334-9B16-4FB7-957E-8C5EBC939168}
	EndGlobalSection
EndGlobal
